
Microsoft Visual Studio Solution File, Format Version 12.00
# Visual Studio Version 17
VisualStudioVersion = 17.12.35527.113 d17.12
MinimumVisualStudioVersion = 10.0.40219.1
Project("{FAE04EC0-301F-11D3-BF4B-00C04F79EFBC}") = "EtaEstimatorAPI", "EtaEstimatorAPI\EtaEstimatorAPI.csproj", "{79AD112E-8A9F-4A15-951A-C74D225052EB}"
EndProject
Project("{2150E333-8FDC-42A3-9474-1A3956D46DE8}") = "Solution Items", "Solution Items", "{4002C0E1-1F2D-471B-A15F-F67D3D223C96}"
	ProjectSection(SolutionItems) = preProject
		.gitignore = .gitignore
	EndProjectSection
EndProject
Global
	GlobalSection(SolutionConfigurationPlatforms) = preSolution
		Debug|Any CPU = Debug|Any CPU
		Release|Any CPU = Release|Any CPU
	EndGlobalSection
	GlobalSection(ProjectConfigurationPlatforms) = postSolution
		{79AD112E-8A9F-4A15-951A-C74D225052EB}.Debug|Any CPU.ActiveCfg = Debug|Any CPU
		{79AD112E-8A9F-4A15-951A-C74D225052EB}.Debug|Any CPU.Build.0 = Debug|Any CPU
		{79AD112E-8A9F-4A15-951A-C74D225052EB}.Release|Any CPU.ActiveCfg = Release|Any CPU
		{79AD112E-8A9F-4A15-951A-C74D225052EB}.Release|Any CPU.Build.0 = Release|Any CPU
	EndGlobalSection
	GlobalSection(SolutionProperties) = preSolution
		HideSolutionNode = FALSE
	EndGlobalSection
EndGlobal
